{
  "name": "@a2s/cc2server",
  "version": "0.1.7",
  "lockfileVersion": 3,
  "requires": true,
  "packages": {
    "": {
      "name": "@a2s/cc2server",
      "version": "0.1.7",
      "license": "MIT",
      "bin": {
        "cc2server": "bin/cc2server.js"
      },
      "engines": {
        "node": ">=22.0.0"
      }
    }
  }
}
